<?xml version="1.0" encoding="utf-8"?>
<Project ToolsVersion="4.0" xmlns="http://schemas.microsoft.com/developer/msbuild/2003">
  <ItemGroup>
    <Filter Include="源文件">
      <UniqueIdentifier>{4FC737F1-C7A5-4376-A066-2A32D752A2FF}</UniqueIdentifier>
      <Extensions>cpp;c;cc;cxx;def;odl;idl;hpj;bat;asm;asmx</Extensions>
    </Filter>
    <Filter Include="资源文件">
      <UniqueIdentifier>{67DA6AB6-F800-4c08-8B7A-83BB121AAD01}</UniqueIdentifier>
      <Extensions>rc;ico;cur;bmp;dlg;rc2;rct;bin;rgs;gif;jpg;jpeg;jpe;resx;tiff;tif;png;wav;mfcribbon-ms</Extensions>
    </Filter>
    <Filter Include="pbfsim">
      <UniqueIdentifier>{3ec5645f-df77-4c44-a8ac-b351e7423927}</UniqueIdentifier>
    </Filter>
    <Filter Include="utilities">
      <UniqueIdentifier>{25f39f05-c48c-40f2-8096-d070d49f8abf}</UniqueIdentifier>
    </Filter>
    <Filter Include="shaders">
      <UniqueIdentifier>{199b1ec3-2370-4209-aeb0-91a654c11463}</UniqueIdentifier>
    </Filter>
    <Filter Include="camera">
      <UniqueIdentifier>{69cd2ed1-22f2-462a-af9e-19e191124e6a}</UniqueIdentifier>
    </Filter>
    <Filter Include="shaders\sim_kernel">
      <UniqueIdentifier>{10eb7822-e6fe-4308-a76e-ea11f6b5fbf9}</UniqueIdentifier>
    </Filter>
    <Filter Include="pbfrenderer">
      <UniqueIdentifier>{75e2b398-a22a-4412-a2e8-c550afeef057}</UniqueIdentifier>
    </Filter>
    <Filter Include="shaders\solid_interaction">
      <UniqueIdentifier>{31253478-0c83-4726-878c-ca3f33a14d47}</UniqueIdentifier>
    </Filter>
    <Filter Include="shaders\render">
      <UniqueIdentifier>{341b679e-6aef-4ddc-9191-5aa86b600496}</UniqueIdentifier>
    </Filter>
    <Filter Include="pbfsim\globalboundary">
      <UniqueIdentifier>{6a98c246-58d6-499e-add0-87f30f57359b}</UniqueIdentifier>
    </Filter>
    <Filter Include="pbfsim\fluid">
      <UniqueIdentifier>{e5ddf530-c04d-4978-86e9-c2e8f47994ab}</UniqueIdentifier>
    </Filter>
    <Filter Include="pbfsim\solidmodels">
      <UniqueIdentifier>{1de3731b-d6da-415e-a491-93b9e2a73f6b}</UniqueIdentifier>
    </Filter>
    <Filter Include="pbfsim\cloth">
      <UniqueIdentifier>{a7c61ff8-826d-4b2d-a2dd-b6b75ef06e91}</UniqueIdentifier>
    </Filter>
    <Filter Include="shaders\cloth_interaction">
      <UniqueIdentifier>{63d0860c-2cbe-4022-9de4-87afdaf27822}</UniqueIdentifier>
    </Filter>
    <Filter Include="shaders\fluid_renderer">
      <UniqueIdentifier>{8b8f0d18-a204-4523-81fb-1b4e570c3a8a}</UniqueIdentifier>
    </Filter>
    <Filter Include="shaders\render_partical">
      <UniqueIdentifier>{a8c201bb-a43b-409d-85fe-a60d90d4b343}</UniqueIdentifier>
    </Filter>
  </ItemGroup>
  <ItemGroup>
    <ClCompile Include="main.cpp">
      <Filter>源文件</Filter>
    </ClCompile>
    <ClCompile Include="utilities.cpp">
      <Filter>utilities</Filter>
    </ClCompile>
    <ClCompile Include="camera.cpp">
      <Filter>camera</Filter>
    </ClCompile>
    <ClCompile Include="pbfrenderer.cpp">
      <Filter>pbfrenderer</Filter>
    </ClCompile>
    <ClCompile Include="boundary.cpp">
      <Filter>pbfsim\globalboundary</Filter>
    </ClCompile>
    <ClCompile Include="pbfsim.cpp">
      <Filter>pbfsim\fluid</Filter>
    </ClCompile>
    <ClCompile Include="solidmodel.cpp">
      <Filter>pbfsim\solidmodels</Filter>
    </ClCompile>
    <ClCompile Include="solidmodeldynamics.cpp">
      <Filter>pbfsim\solidmodels</Filter>
    </ClCompile>
    <ClCompile Include="solidmodelloader.cpp">
      <Filter>pbfsim\solidmodels</Filter>
    </ClCompile>
    <ClCompile Include="cloth.cpp">
      <Filter>pbfsim\cloth</Filter>
    </ClCompile>
  </ItemGroup>
  <ItemGroup>
    <ClInclude Include="utilities.h">
      <Filter>utilities</Filter>
    </ClInclude>
    <ClInclude Include="camera.h">
      <Filter>camera</Filter>
    </ClInclude>
    <ClInclude Include="predef.h">
      <Filter>源文件</Filter>
    </ClInclude>
    <ClInclude Include="pbfrenderer.h">
      <Filter>pbfrenderer</Filter>
    </ClInclude>
    <ClInclude Include="boundary.h">
      <Filter>pbfsim\globalboundary</Filter>
    </ClInclude>
    <ClInclude Include="pbfsim.h">
      <Filter>pbfsim\fluid</Filter>
    </ClInclude>
    <ClInclude Include="solidmodel.h">
      <Filter>pbfsim\solidmodels</Filter>
    </ClInclude>
    <ClInclude Include="cloth.h">
      <Filter>pbfsim\cloth</Filter>
    </ClInclude>
  </ItemGroup>
  <ItemGroup>
    <None Include="shaders\predict.glsl">
      <Filter>shaders\sim_kernel</Filter>
    </None>
    <None Include="shaders\density_constraint_apply.glsl">
      <Filter>shaders\sim_kernel</Filter>
    </None>
    <None Include="shaders\calculate_lambda.glsl">
      <Filter>shaders\sim_kernel</Filter>
    </None>
    <None Include="shaders\calculate_delta_p.glsl">
      <Filter>shaders\sim_kernel</Filter>
    </None>
    <None Include="shaders\solid_constraint.glsl">
      <Filter>shaders\solid_interaction</Filter>
    </None>
    <None Include="shaders\mesh_render_vertex.glsl">
      <Filter>shaders\render</Filter>
    </None>
    <None Include="shaders\mesh_render_fragment.glsl">
      <Filter>shaders\render</Filter>
    </None>
    <None Include="shaders\solid_genvoxel_vertex.glsl">
      <Filter>shaders\solid_interaction</Filter>
    </None>
    <None Include="shaders\solid_genvoxel_fragment.glsl">
      <Filter>shaders\solid_interaction</Filter>
    </None>
    <None Include="shaders\update_grid_findgrid.glsl">
      <Filter>shaders\sim_kernel</Filter>
    </None>
    <None Include="shaders\update_grid_sort.glsl">
      <Filter>shaders\sim_kernel</Filter>
    </None>
    <None Include="shaders\cloth_render_vertex.glsl">
      <Filter>shaders\render</Filter>
    </None>
    <None Include="shaders\cloth_render_fragment.glsl">
      <Filter>shaders\render</Filter>
    </None>
    <None Include="shaders\blow_cloth.glsl">
      <Filter>shaders\cloth_interaction</Filter>
    </None>
    <None Include="shaders\blur.fs">
      <Filter>shaders\fluid_renderer</Filter>
    </None>
    <None Include="shaders\blur.vs">
      <Filter>shaders\fluid_renderer</Filter>
    </None>
    <None Include="shaders\framebuffers_screen.fs">
      <Filter>shaders\fluid_renderer</Filter>
    </None>
    <None Include="shaders\framebuffers_screen.vs">
      <Filter>shaders\fluid_renderer</Filter>
    </None>
    <None Include="shaders\fluid_render_vertex.glsl">
      <Filter>shaders\fluid_renderer</Filter>
    </None>
    <None Include="shaders\fluid_render_fragment.glsl">
      <Filter>shaders\fluid_renderer</Filter>
    </None>
    <None Include="shaders\fluid_normal.glsl">
      <Filter>shaders\fluid_renderer</Filter>
    </None>
  </ItemGroup>
  <ItemGroup>
    <Text Include="shaders\boundary_constraint.glsl">
      <Filter>shaders\sim_kernel</Filter>
    </Text>
  </ItemGroup>
</Project>